
Microsoft Visual Studio Solution File, Format Version 12.00
# Visual Studio Version 17
VisualStudioVersion = 17.4.33213.308
MinimumVisualStudioVersion = 10.0.40219.1
Project("{9A19103F-16F7-4668-BE54-9A1E7A4F7556}") = "Agenda.Api", "Agenda.Api\Agenda.Api.csproj", "{D94B1BA4-E074-4D50-9C87-32EB55E502B8}"
EndProject
Project("{9A19103F-16F7-4668-BE54-9A1E7A4F7556}") = "Agenda.Domain", "Agenda.Domain\Agenda.Domain.csproj", "{D55C598B-B02A-4A31-BB0C-C480D28251DF}"
EndProject
Project("{9A19103F-16F7-4668-BE54-9A1E7A4F7556}") = "Agenda.Data", "Agenda.Data\Agenda.Data.csproj", "{8D937BFD-ADEC-4427-8798-29ED92E2FF31}"
EndProject
Project("{E53339B2-1760-4266-BCC7-CA923CBCF16C}") = "docker-compose", "docker-compose.dcproj", "{093BC154-F731-4299-8ECE-2D3B882B0249}"
EndProject
Global
	GlobalSection(SolutionConfigurationPlatforms) = preSolution
		Debug|Any CPU = Debug|Any CPU
		Release|Any CPU = Release|Any CPU
	EndGlobalSection
	GlobalSection(ProjectConfigurationPlatforms) = postSolution
		{D94B1BA4-E074-4D50-9C87-32EB55E502B8}.Debug|Any CPU.ActiveCfg = Debug|Any CPU
		{D94B1BA4-E074-4D50-9C87-32EB55E502B8}.Debug|Any CPU.Build.0 = Debug|Any CPU
		{D94B1BA4-E074-4D50-9C87-32EB55E502B8}.Release|Any CPU.ActiveCfg = Release|Any CPU
		{D94B1BA4-E074-4D50-9C87-32EB55E502B8}.Release|Any CPU.Build.0 = Release|Any CPU
		{D55C598B-B02A-4A31-BB0C-C480D28251DF}.Debug|Any CPU.ActiveCfg = Debug|Any CPU
		{D55C598B-B02A-4A31-BB0C-C480D28251DF}.Debug|Any CPU.Build.0 = Debug|Any CPU
		{D55C598B-B02A-4A31-BB0C-C480D28251DF}.Release|Any CPU.ActiveCfg = Release|Any CPU
		{D55C598B-B02A-4A31-BB0C-C480D28251DF}.Release|Any CPU.Build.0 = Release|Any CPU
		{8D937BFD-ADEC-4427-8798-29ED92E2FF31}.Debug|Any CPU.ActiveCfg = Debug|Any CPU
		{8D937BFD-ADEC-4427-8798-29ED92E2FF31}.Debug|Any CPU.Build.0 = Debug|Any CPU
		{8D937BFD-ADEC-4427-8798-29ED92E2FF31}.Release|Any CPU.ActiveCfg = Release|Any CPU
		{8D937BFD-ADEC-4427-8798-29ED92E2FF31}.Release|Any CPU.Build.0 = Release|Any CPU
		{093BC154-F731-4299-8ECE-2D3B882B0249}.Debug|Any CPU.ActiveCfg = Debug|Any CPU
		{093BC154-F731-4299-8ECE-2D3B882B0249}.Debug|Any CPU.Build.0 = Debug|Any CPU
		{093BC154-F731-4299-8ECE-2D3B882B0249}.Release|Any CPU.ActiveCfg = Release|Any CPU
		{093BC154-F731-4299-8ECE-2D3B882B0249}.Release|Any CPU.Build.0 = Release|Any CPU
	EndGlobalSection
	GlobalSection(SolutionProperties) = preSolution
		HideSolutionNode = FALSE
	EndGlobalSection
	GlobalSection(ExtensibilityGlobals) = postSolution
		SolutionGuid = {649CBBE8-CDDE-442D-B059-1D9B92721BB2}
	EndGlobalSection
EndGlobal
